// !$*UTF8*$!
{
	archiveVersion = 1;
	classes = {
	};
	objectVersion = 56;
	objects = {

/* Begin PBXBuildFile section */
		4605AF1E2AF00935000C6F42 /* BeerDTO.swift in Sources */ = {isa = PBXBuildFile; fileRef = 4605AF1D2AF00935000C6F42 /* BeerDTO.swift */; };
		4605AF202AF00947000C6F42 /* BeerService.swift in Sources */ = {isa = PBXBuildFile; fileRef = 4605AF1F2AF00947000C6F42 /* BeerService.swift */; };
		4605AF222AF00E63000C6F42 /* BeerTableManager.swift in Sources */ = {isa = PBXBuildFile; fileRef = 4605AF212AF00E63000C6F42 /* BeerTableManager.swift */; };
		4605AF242AF0115F000C6F42 /* BeerTableView.swift in Sources */ = {isa = PBXBuildFile; fileRef = 4605AF232AF0115F000C6F42 /* BeerTableView.swift */; };
		4605AF262AF01D48000C6F42 /* BeerTableViewControllerFactory.swift in Sources */ = {isa = PBXBuildFile; fileRef = 4605AF252AF01D48000C6F42 /* BeerTableViewControllerFactory.swift */; };
		4634725D2ACB33D800D84337 /* AppDelegate.swift in Sources */ = {isa = PBXBuildFile; fileRef = 4634725C2ACB33D800D84337 /* AppDelegate.swift */; };
		4634725F2ACB33D800D84337 /* SceneDelegate.swift in Sources */ = {isa = PBXBuildFile; fileRef = 4634725E2ACB33D800D84337 /* SceneDelegate.swift */; };
		463472612ACB33D800D84337 /* BeerTableViewController.swift in Sources */ = {isa = PBXBuildFile; fileRef = 463472602ACB33D800D84337 /* BeerTableViewController.swift */; };
		463472662ACB33D900D84337 /* Assets.xcassets in Resources */ = {isa = PBXBuildFile; fileRef = 463472652ACB33D900D84337 /* Assets.xcassets */; };
		4656D1262AFECDC1005C72C9 /* BeerPresenter.swift in Sources */ = {isa = PBXBuildFile; fileRef = 4656D1252AFECDC1005C72C9 /* BeerPresenter.swift */; };
		4656D1282B027B34005C72C9 /* LaunchScreen.storyboard in Resources */ = {isa = PBXBuildFile; fileRef = 4656D1272B027B34005C72C9 /* LaunchScreen.storyboard */; };
/* End PBXBuildFile section */

/* Begin PBXFileReference section */
		4605AF1D2AF00935000C6F42 /* BeerDTO.swift */ = {isa = PBXFileReference; lastKnownFileType = sourcecode.swift; path = BeerDTO.swift; sourceTree = "<group>"; };
		4605AF1F2AF00947000C6F42 /* BeerService.swift */ = {isa = PBXFileReference; lastKnownFileType = sourcecode.swift; path = BeerService.swift; sourceTree = "<group>"; };
		4605AF212AF00E63000C6F42 /* BeerTableManager.swift */ = {isa = PBXFileReference; lastKnownFileType = sourcecode.swift; path = BeerTableManager.swift; sourceTree = "<group>"; };
		4605AF232AF0115F000C6F42 /* BeerTableView.swift */ = {isa = PBXFileReference; lastKnownFileType = sourcecode.swift; path = BeerTableView.swift; sourceTree = "<group>"; };
		4605AF252AF01D48000C6F42 /* BeerTableViewControllerFactory.swift */ = {isa = PBXFileReference; lastKnownFileType = sourcecode.swift; path = BeerTableViewControllerFactory.swift; sourceTree = "<group>"; };
		463472592ACB33D800D84337 /* ios_practical.app */ = {isa = PBXFileReference; explicitFileType = wrapper.application; includeInIndex = 0; path = ios_practical.app; sourceTree = BUILT_PRODUCTS_DIR; };
		4634725C2ACB33D800D84337 /* AppDelegate.swift */ = {isa = PBXFileReference; lastKnownFileType = sourcecode.swift; path = AppDelegate.swift; sourceTree = "<group>"; };
		4634725E2ACB33D800D84337 /* SceneDelegate.swift */ = {isa = PBXFileReference; lastKnownFileType = sourcecode.swift; path = SceneDelegate.swift; sourceTree = "<group>"; };
		463472602ACB33D800D84337 /* BeerTableViewController.swift */ = {isa = PBXFileReference; lastKnownFileType = sourcecode.swift; path = BeerTableViewController.swift; sourceTree = "<group>"; };
		463472652ACB33D900D84337 /* Assets.xcassets */ = {isa = PBXFileReference; lastKnownFileType = folder.assetcatalog; path = Assets.xcassets; sourceTree = "<group>"; };
		4634726A2ACB33D900D84337 /* Info.plist */ = {isa = PBXFileReference; lastKnownFileType = text.plist.xml; path = Info.plist; sourceTree = "<group>"; };
		4656D1252AFECDC1005C72C9 /* BeerPresenter.swift */ = {isa = PBXFileReference; lastKnownFileType = sourcecode.swift; path = BeerPresenter.swift; sourceTree = "<group>"; };
		4656D1272B027B34005C72C9 /* LaunchScreen.storyboard */ = {isa = PBXFileReference; fileEncoding = 4; lastKnownFileType = file.storyboard; path = LaunchScreen.storyboard; sourceTree = "<group>"; };
/* End PBXFileReference section */

/* Begin PBXFrameworksBuildPhase section */
		463472562ACB33D800D84337 /* Frameworks */ = {
			isa = PBXFrameworksBuildPhase;
			buildActionMask = 2147483647;
			files = (
			);
			runOnlyForDeploymentPostprocessing = 0;
		};
/* End PBXFrameworksBuildPhase section */

/* Begin PBXGroup section */
		4605AF1C2AF008FC000C6F42 /* BeerTable */ = {
			isa = PBXGroup;
			children = (
				4605AF1D2AF00935000C6F42 /* BeerDTO.swift */,
				4605AF1F2AF00947000C6F42 /* BeerService.swift */,
				4605AF212AF00E63000C6F42 /* BeerTableManager.swift */,
				4605AF232AF0115F000C6F42 /* BeerTableView.swift */,
				463472602ACB33D800D84337 /* BeerTableViewController.swift */,
				4605AF252AF01D48000C6F42 /* BeerTableViewControllerFactory.swift */,
				4656D1252AFECDC1005C72C9 /* BeerPresenter.swift */,
			);
			path = BeerTable;
			sourceTree = "<group>";
		};
		463472502ACB33D800D84337 = {
			isa = PBXGroup;
			children = (
				4634725B2ACB33D800D84337 /* ios_practical */,
				4634725A2ACB33D800D84337 /* Products */,
			);
			sourceTree = "<group>";
		};
		4634725A2ACB33D800D84337 /* Products */ = {
			isa = PBXGroup;
			children = (
				463472592ACB33D800D84337 /* ios_practical.app */,
			);
			name = Products;
			sourceTree = "<group>";
		};
		4634725B2ACB33D800D84337 /* ios_practical */ = {
			isa = PBXGroup;
			children = (
				4605AF1C2AF008FC000C6F42 /* BeerTable */,
				4634725C2ACB33D800D84337 /* AppDelegate.swift */,
				4634725E2ACB33D800D84337 /* SceneDelegate.swift */,
				463472652ACB33D900D84337 /* Assets.xcassets */,
				4656D1272B027B34005C72C9 /* LaunchScreen.storyboard */,
				4634726A2ACB33D900D84337 /* Info.plist */,
			);
			path = ios_practical;
			sourceTree = "<group>";
		};
/* End PBXGroup section */

/* Begin PBXNativeTarget section */
		463472582ACB33D800D84337 /* ios_practical */ = {
			isa = PBXNativeTarget;
			buildConfigurationList = 4634726D2ACB33D900D84337 /* Build configuration list for PBXNativeTarget "ios_practical" */;
			buildPhases = (
				463472552ACB33D800D84337 /* Sources */,
				463472562ACB33D800D84337 /* Frameworks */,
				463472572ACB33D800D84337 /* Resources */,
			);
			buildRules = (
			);
			dependencies = (
			);
			name = ios_practical;
			productName = ios_practical;
			productReference = 463472592ACB33D800D84337 /* ios_practical.app */;
			productType = "com.apple.product-type.application";
		};
/* End PBXNativeTarget section */

/* Begin PBXProject section */
		463472512ACB33D800D84337 /* Project object */ = {
			isa = PBXProject;
			attributes = {
				BuildIndependentTargetsInParallel = 1;
				LastSwiftUpdateCheck = 1500;
				LastUpgradeCheck = 1500;
				TargetAttributes = {
					463472582ACB33D800D84337 = {
						CreatedOnToolsVersion = 15.0;
					};
				};
			};
			buildConfigurationList = 463472542ACB33D800D84337 /* Build configuration list for PBXProject "ios_practical" */;
			compatibilityVersion = "Xcode 14.0";
			developmentRegion = en;
			hasScannedForEncodings = 0;
			knownRegions = (
				en,
				Base,
			);
			mainGroup = 463472502ACB33D800D84337;
			productRefGroup = 4634725A2ACB33D800D84337 /* Products */;
			projectDirPath = "";
			projectRoot = "";
			targets = (
				463472582ACB33D800D84337 /* ios_practical */,
			);
		};
/* End PBXProject section */

/* Begin PBXResourcesBuildPhase section */
		463472572ACB33D800D84337 /* Resources */ = {
			isa = PBXResourcesBuildPhase;
			buildActionMask = 2147483647;
			files = (
				463472662ACB33D900D84337 /* Assets.xcassets in Resources */,
				4656D1282B027B34005C72C9 /* LaunchScreen.storyboard in Resources */,
			);
			runOnlyForDeploymentPostprocessing = 0;
		};
/* End PBXResourcesBuildPhase section */

/* Begin PBXSourcesBuildPhase section */
		463472552ACB33D800D84337 /* Sources */ = {
			isa = PBXSourcesBuildPhase;
			buildActionMask = 2147483647;
			files = (
				463472612ACB33D800D84337 /* BeerTableViewController.swift in Sources */,
				4605AF202AF00947000C6F42 /* BeerService.swift in Sources */,
				4605AF222AF00E63000C6F42 /* BeerTableManager.swift in Sources */,
				4605AF1E2AF00935000C6F42 /* BeerDTO.swift in Sources */,
				4605AF262AF01D48000C6F42 /* BeerTableViewControllerFactory.swift in Sources */,
				4656D1262AFECDC1005C72C9 /* BeerPresenter.swift in Sources */,
				4634725D2ACB33D800D84337 /* AppDelegate.swift in Sources */,
				4605AF242AF0115F000C6F42 /* BeerTableView.swift in Sources */,
				4634725F2ACB33D800D84337 /* SceneDelegate.swift in Sources */,
			);
			runOnlyForDeploymentPostprocessing = 0;
		};
/* End PBXSourcesBuildPhase section */

/* Begin XCBuildConfiguration section */
		4634726B2ACB33D900D84337 /* Debug */ = {
			isa = XCBuildConfiguration;
			buildSettings = {
				ALWAYS_SEARCH_USER_PATHS = NO;
				ASSETCATALOG_COMPILER_GENERATE_SWIFT_ASSET_SYMBOL_EXTENSIONS = YES;
				CLANG_ANALYZER_NONNULL = YES;
				CLANG_ANALYZER_NUMBER_OBJECT_CONVERSION = YES_AGGRESSIVE;
				CLANG_CXX_LANGUAGE_STANDARD = "gnu++20";
				CLANG_ENABLE_MODULES = YES;
				CLANG_ENABLE_OBJC_ARC = YES;
				CLANG_ENABLE_OBJC_WEAK = YES;
				CLANG_WARN_BLOCK_CAPTURE_AUTORELEASING = YES;
				CLANG_WARN_BOOL_CONVERSION = YES;
				CLANG_WARN_COMMA = YES;
				CLANG_WARN_CONSTANT_CONVERSION = YES;
				CLANG_WARN_DEPRECATED_OBJC_IMPLEMENTATIONS = YES;
				CLANG_WARN_DIRECT_OBJC_ISA_USAGE = YES_ERROR;
				CLANG_WARN_DOCUMENTATION_COMMENTS = YES;
				CLANG_WARN_EMPTY_BODY = YES;
				CLANG_WARN_ENUM_CONVERSION = YES;
				CLANG_WARN_INFINITE_RECURSION = YES;
				CLANG_WARN_INT_CONVERSION = YES;
				CLANG_WARN_NON_LITERAL_NULL_CONVERSION = YES;
				CLANG_WARN_OBJC_IMPLICIT_RETAIN_SELF = YES;
				CLANG_WARN_OBJC_LITERAL_CONVERSION = YES;
				CLANG_WARN_OBJC_ROOT_CLASS = YES_ERROR;
				CLANG_WARN_QUOTED_INCLUDE_IN_FRAMEWORK_HEADER = YES;
				CLANG_WARN_RANGE_LOOP_ANALYSIS = YES;
				CLANG_WARN_STRICT_PROTOTYPES = YES;
				CLANG_WARN_SUSPICIOUS_MOVE = YES;
				CLANG_WARN_UNGUARDED_AVAILABILITY = YES_AGGRESSIVE;
				CLANG_WARN_UNREACHABLE_CODE = YES;
				CLANG_WARN__DUPLICATE_METHOD_MATCH = YES;
				COPY_PHASE_STRIP = NO;
				DEBUG_INFORMATION_FORMAT = dwarf;
				ENABLE_STRICT_OBJC_MSGSEND = YES;
				ENABLE_TESTABILITY = YES;
				ENABLE_USER_SCRIPT_SANDBOXING = YES;
				GCC_C_LANGUAGE_STANDARD = gnu17;
				GCC_DYNAMIC_NO_PIC = NO;
				GCC_NO_COMMON_BLOCKS = YES;
				GCC_OPTIMIZATION_LEVEL = 0;
				GCC_PREPROCESSOR_DEFINITIONS = (
					"DEBUG=1",
					"$(inherited)",
				);
				GCC_WARN_64_TO_32_BIT_CONVERSION = YES;
				GCC_WARN_ABOUT_RETURN_TYPE = YES_ERROR;
				GCC_WARN_UNDECLARED_SELECTOR = YES;
				GCC_WARN_UNINITIALIZED_AUTOS = YES_AGGRESSIVE;
				GCC_WARN_UNUSED_FUNCTION = YES;
				GCC_WARN_UNUSED_VARIABLE = YES;
				IPHONEOS_DEPLOYMENT_TARGET = 17.0;
				LOCALIZATION_PREFERS_STRING_CATALOGS = YES;
				MTL_ENABLE_DEBUG_INFO = INCLUDE_SOURCE;
				MTL_FAST_MATH = YES;
				ONLY_ACTIVE_ARCH = YES;
				SDKROOT = iphoneos;
				SWIFT_ACTIVE_COMPILATION_CONDITIONS = "DEBUG $(inherited)";
				SWIFT_OPTIMIZATION_LEVEL = "-Onone";
			};
			name = Debug;
		};
		4634726C2ACB33D900D84337 /* Release */ = {
			isa = XCBuildConfiguration;
			buildSettings = {
				ALWAYS_SEARCH_USER_PATHS = NO;
				ASSETCATALOG_COMPILER_GENERATE_SWIFT_ASSET_SYMBOL_EXTENSIONS = YES;
				CLANG_ANALYZER_NONNULL = YES;
				CLANG_ANALYZER_NUMBER_OBJECT_CONVERSION = YES_AGGRESSIVE;
				CLANG_CXX_LANGUAGE_STANDARD = "gnu++20";
				CLANG_ENABLE_MODULES = YES;
				CLANG_ENABLE_OBJC_ARC = YES;
				CLANG_ENABLE_OBJC_WEAK = YES;
				CLANG_WARN_BLOCK_CAPTURE_AUTORELEASING = YES;
				CLANG_WARN_BOOL_CONVERSION = YES;
				CLANG_WARN_COMMA = YES;
				CLANG_WARN_CONSTANT_CONVERSION = YES;
				CLANG_WARN_DEPRECATED_OBJC_IMPLEMENTATIONS = YES;
				CLANG_WARN_DIRECT_OBJC_ISA_USAGE = YES_ERROR;
				CLANG_WARN_DOCUMENTATION_COMMENTS = YES;
				CLANG_WARN_EMPTY_BODY = YES;
				CLANG_WARN_ENUM_CONVERSION = YES;
				CLANG_WARN_INFINITE_RECURSION = YES;
				CLANG_WARN_INT_CONVERSION = YES;
				CLANG_WARN_NON_LITERAL_NULL_CONVERSION = YES;
				CLANG_WARN_OBJC_IMPLICIT_RETAIN_SELF = YES;
				CLANG_WARN_OBJC_LITERAL_CONVERSION = YES;
				CLANG_WARN_OBJC_ROOT_CLASS = YES_ERROR;
				CLANG_WARN_QUOTED_INCLUDE_IN_FRAMEWORK_HEADER = YES;
				CLANG_WARN_RANGE_LOOP_ANALYSIS = YES;
				CLANG_WARN_STRICT_PROTOTYPES = YES;
				CLANG_WARN_SUSPICIOUS_MOVE = YES;
				CLANG_WARN_UNGUARDED_AVAILABILITY = YES_AGGRESSIVE;
				CLANG_WARN_UNREACHABLE_CODE = YES;
				CLANG_WARN__DUPLICATE_METHOD_MATCH = YES;
				COPY_PHASE_STRIP = NO;
				DEBUG_INFORMATION_FORMAT = "dwarf-with-dsym";
				ENABLE_NS_ASSERTIONS = NO;
				ENABLE_STRICT_OBJC_MSGSEND = YES;
				ENABLE_USER_SCRIPT_SANDBOXING = YES;
				GCC_C_LANGUAGE_STANDARD = gnu17;
				GCC_NO_COMMON_BLOCKS = YES;
				GCC_WARN_64_TO_32_BIT_CONVERSION = YES;
				GCC_WARN_ABOUT_RETURN_TYPE = YES_ERROR;
				GCC_WARN_UNDECLARED_SELECTOR = YES;
				GCC_WARN_UNINITIALIZED_AUTOS = YES_AGGRESSIVE;
				GCC_WARN_UNUSED_FUNCTION = YES;
				GCC_WARN_UNUSED_VARIABLE = YES;
				IPHONEOS_DEPLOYMENT_TARGET = 17.0;
				LOCALIZATION_PREFERS_STRING_CATALOGS = YES;
				MTL_ENABLE_DEBUG_INFO = NO;
				MTL_FAST_MATH = YES;
				SDKROOT = iphoneos;
				SWIFT_COMPILATION_MODE = wholemodule;
				VALIDATE_PRODUCT = YES;
			};
			name = Release;
		};
		4634726E2ACB33D900D84337 /* Debug */ = {
			isa = XCBuildConfiguration;
			buildSettings = {
				ASSETCATALOG_COMPILER_APPICON_NAME = AppIcon;
				ASSETCATALOG_COMPILER_GLOBAL_ACCENT_COLOR_NAME = AccentColor;
				CODE_SIGN_STYLE = Automatic;
				CURRENT_PROJECT_VERSION = 1;
				DEVELOPMENT_TEAM = 26Y854U6MB;
				GENERATE_INFOPLIST_FILE = YES;
				INFOPLIST_FILE = ios_practical/Info.plist;
				INFOPLIST_KEY_UIApplicationSupportsIndirectInputEvents = YES;
				INFOPLIST_KEY_UILaunchStoryboardName = LaunchScreen;
				INFOPLIST_KEY_UISupportedInterfaceOrientations_iPad = "UIInterfaceOrientationPortrait UIInterfaceOrientationPortraitUpsideDown UIInterfaceOrientationLandscapeLeft UIInterfaceOrientationLandscapeRight";
				INFOPLIST_KEY_UISupportedInterfaceOrientations_iPhone = "UIInterfaceOrientationPortrait UIInterfaceOrientationLandscapeLeft UIInterfaceOrientationLandscapeRight";
				LD_RUNPATH_SEARCH_PATHS = (
					"$(inherited)",
					"@executable_path/Frameworks",
				);
				MARKETING_VERSION = 1.0;
				PRODUCT_BUNDLE_IDENTIFIER = "AlexGod.ios-practical";
				PRODUCT_NAME = "$(TARGET_NAME)";
				SWIFT_EMIT_LOC_STRINGS = YES;
				SWIFT_VERSION = 5.0;
				TARGETED_DEVICE_FAMILY = "1,2";
			};
			name = Debug;
		};
		4634726F2ACB33D900D84337 /* Release */ = {
			isa = XCBuildConfiguration;
			buildSettings = {
				ASSETCATALOG_COMPILER_APPICON_NAME = AppIcon;
				ASSETCATALOG_COMPILER_GLOBAL_ACCENT_COLOR_NAME = AccentColor;
				CODE_SIGN_STYLE = Automatic;
				CURRENT_PROJECT_VERSION = 1;
				DEVELOPMENT_TEAM = 26Y854U6MB;
				GENERATE_INFOPLIST_FILE = YES;
				INFOPLIST_FILE = ios_practical/Info.plist;
				INFOPLIST_KEY_UIApplicationSupportsIndirectInputEvents = YES;
				INFOPLIST_KEY_UILaunchStoryboardName = LaunchScreen;
				INFOPLIST_KEY_UISupportedInterfaceOrientations_iPad = "UIInterfaceOrientationPortrait UIInterfaceOrientationPortraitUpsideDown UIInterfaceOrientationLandscapeLeft UIInterfaceOrientationLandscapeRight";
				INFOPLIST_KEY_UISupportedInterfaceOrientations_iPhone = "UIInterfaceOrientationPortrait UIInterfaceOrientationLandscapeLeft UIInterfaceOrientationLandscapeRight";
				LD_RUNPATH_SEARCH_PATHS = (
					"$(inherited)",
					"@executable_path/Frameworks",
				);
				MARKETING_VERSION = 1.0;
				PRODUCT_BUNDLE_IDENTIFIER = "AlexGod.ios-practical";
				PRODUCT_NAME = "$(TARGET_NAME)";
				SWIFT_EMIT_LOC_STRINGS = YES;
				SWIFT_VERSION = 5.0;
				TARGETED_DEVICE_FAMILY = "1,2";
			};
			name = Release;
		};
/* End XCBuildConfiguration section */

/* Begin XCConfigurationList section */
		463472542ACB33D800D84337 /* Build configuration list for PBXProject "ios_practical" */ = {
			isa = XCConfigurationList;
			buildConfigurations = (
				4634726B2ACB33D900D84337 /* Debug */,
				4634726C2ACB33D900D84337 /* Release */,
			);
			defaultConfigurationIsVisible = 0;
			defaultConfigurationName = Release;
		};
		4634726D2ACB33D900D84337 /* Build configuration list for PBXNativeTarget "ios_practical" */ = {
			isa = XCConfigurationList;
			buildConfigurations = (
				4634726E2ACB33D900D84337 /* Debug */,
				4634726F2ACB33D900D84337 /* Release */,
			);
			defaultConfigurationIsVisible = 0;
			defaultConfigurationName = Release;
		};
/* End XCConfigurationList section */
	};
	rootObject = 463472512ACB33D800D84337 /* Project object */;
}
